
Microsoft Visual Studio Solution File, Format Version 12.00
# Visual Studio 14
VisualStudioVersion = 14.0.25420.1
MinimumVisualStudioVersion = 10.0.40219.1
Project("{930C7802-8A8C-48F9-8165-68863BCCD9DD}") = "BUILDLet.PackageMakerSetup", "BUILDLet.PackageMakerSetup\BUILDLet.PackageMakerSetup.wixproj", "{E3DB8C81-6DB3-4C24-A404-3DCABD23A36B}"
	ProjectSection(ProjectDependencies) = postProject
		{98DDC747-CEC1-4B1E-AB5A-945F7E24A782} = {98DDC747-CEC1-4B1E-AB5A-945F7E24A782}
	EndProjectSection
EndProject
Project("{2150E333-8FDC-42A3-9474-1A3956D46DE8}") = "Common", "Common", "{DDF9300B-7BBE-415B-8629-7F3F1826B2D9}"
	ProjectSection(SolutionItems) = preProject
		Common\InstallerInfo.wxi = Common\InstallerInfo.wxi
		Common\PowerShellModuleDeployTemplate.ps1 = Common\PowerShellModuleDeployTemplate.ps1
		Common\PowerShellModuleTestInitializeTemplate.ps1 = Common\PowerShellModuleTestInitializeTemplate.ps1
	EndProjectSection
EndProject
Project("{F5034706-568F-408A-B7B3-4D38C6DB8A32}") = "BUILDLet.PackageMaker.PowerShellModule", "BUILDLet.PackageMaker.PowerShellModule\BUILDLet.PackageMaker.PowerShellModule.pssproj", "{6CAFC0C6-A428-4D30-A9F9-700E829FEA51}"
EndProject
Project("{F5034706-568F-408A-B7B3-4D38C6DB8A32}") = "BUILDLet.PackageMaker.PowerShellModuleTests", "BUILDLet.PackageMaker.PowerShellModuleTests\BUILDLet.PackageMaker.PowerShellModuleTests.pssproj", "{28D098D8-4021-4896-9300-EE7262ABDD81}"
	ProjectSection(ProjectDependencies) = postProject
		{6CAFC0C6-A428-4D30-A9F9-700E829FEA51} = {6CAFC0C6-A428-4D30-A9F9-700E829FEA51}
	EndProjectSection
EndProject
Project("{2150E333-8FDC-42A3-9474-1A3956D46DE8}") = "Link", "Link", "{E4B7CCF7-7947-49C0-99C3-7C1E0BBDA881}"
	ProjectSection(SolutionItems) = preProject
		Clean.ps1 = Clean.ps1
	EndProjectSection
EndProject
Project("{2150E333-8FDC-42A3-9474-1A3956D46DE8}") = "Resources", "Resources", "{2BB4B16F-C402-4767-9371-0775C2E42849}"
EndProject
Project("{F5034706-568F-408A-B7B3-4D38C6DB8A32}") = "BUILDLet.PackageMakerSamplePackage", "BUILDLet.PackageMakerSamplePackage\BUILDLet.PackageMakerSamplePackage.pssproj", "{98DDC747-CEC1-4B1E-AB5A-945F7E24A782}"
	ProjectSection(ProjectDependencies) = postProject
		{6CAFC0C6-A428-4D30-A9F9-700E829FEA51} = {6CAFC0C6-A428-4D30-A9F9-700E829FEA51}
	EndProjectSection
EndProject
Project("{930C7802-8A8C-48F9-8165-68863BCCD9DD}") = "BUILDLet.PackageMaker.PowerShellModuleSetup", "BUILDLet.PackageMaker.PowerShellModuleSetup\BUILDLet.PackageMaker.PowerShellModuleSetup.wixproj", "{B52F164C-10FC-4907-9BEF-5D25D5A8888A}"
	ProjectSection(ProjectDependencies) = postProject
		{6CAFC0C6-A428-4D30-A9F9-700E829FEA51} = {6CAFC0C6-A428-4D30-A9F9-700E829FEA51}
	EndProjectSection
EndProject
Project("{930C7802-8A8C-48F9-8165-68863BCCD9DD}") = "BUILDLet.PackageMaker.PowerShellModuleSetup64", "BUILDLet.PackageMaker.PowerShellModuleSetup64\BUILDLet.PackageMaker.PowerShellModuleSetup64.wixproj", "{61C69C76-4117-4576-BBAF-946CB84E4EBD}"
	ProjectSection(ProjectDependencies) = postProject
		{6CAFC0C6-A428-4D30-A9F9-700E829FEA51} = {6CAFC0C6-A428-4D30-A9F9-700E829FEA51}
	EndProjectSection
EndProject
Project("{2150E333-8FDC-42A3-9474-1A3956D46DE8}") = "Version", "Version", "{AA6AA193-D9CD-493A-9400-586FBB3BC6EE}"
	ProjectSection(SolutionItems) = preProject
		Version\InstallerGUID.wxi = Version\InstallerGUID.wxi
		Version\InstallerVersionInfo.wxi = Version\InstallerVersionInfo.wxi
	EndProjectSection
EndProject
Project("{2150E333-8FDC-42A3-9474-1A3956D46DE8}") = "Link", "Link", "{1E0B591E-F7A7-4427-8FEE-31003F1D5638}"
	ProjectSection(SolutionItems) = preProject
		BUILDLet.PackageMakerSamplePackage\SamplePackage\Build.ps1 = BUILDLet.PackageMakerSamplePackage\SamplePackage\Build.ps1
		BUILDLet.PackageMaker.PowerShellModule\BUILDLet.PackageMaker.PowerShell.psd1 = BUILDLet.PackageMaker.PowerShellModule\BUILDLet.PackageMaker.PowerShell.psd1
		BUILDLet.PackageMakerSamplePackage\SamplePackage\Sample.ini = BUILDLet.PackageMakerSamplePackage\SamplePackage\Sample.ini
	EndProjectSection
EndProject
Project("{930C7802-8A8C-48F9-8165-68863BCCD9DD}") = "BUILDLet.PackageMaker.PowerShellModuleSetupBootstrapper", "BUILDLet.PackageMaker.PowerShellModuleSetupBootstrapper\BUILDLet.PackageMaker.PowerShellModuleSetupBootstrapper.wixproj", "{929AF0F9-BB11-4CC5-B6D7-33DF9911D280}"
	ProjectSection(ProjectDependencies) = postProject
		{B52F164C-10FC-4907-9BEF-5D25D5A8888A} = {B52F164C-10FC-4907-9BEF-5D25D5A8888A}
		{61C69C76-4117-4576-BBAF-946CB84E4EBD} = {61C69C76-4117-4576-BBAF-946CB84E4EBD}
	EndProjectSection
EndProject
Project("{930C7802-8A8C-48F9-8165-68863BCCD9DD}") = "BUILDLet.PackageMakerSetupBootstrapper", "BUILDLet.PackageMakerSetupBootstrapper\BUILDLet.PackageMakerSetupBootstrapper.wixproj", "{44189944-ED1F-4AD1-A2C2-A2A6ED869E15}"
	ProjectSection(ProjectDependencies) = postProject
		{E3DB8C81-6DB3-4C24-A404-3DCABD23A36B} = {E3DB8C81-6DB3-4C24-A404-3DCABD23A36B}
		{929AF0F9-BB11-4CC5-B6D7-33DF9911D280} = {929AF0F9-BB11-4CC5-B6D7-33DF9911D280}
	EndProjectSection
EndProject
Global
	GlobalSection(SolutionConfigurationPlatforms) = preSolution
		Debug|Any CPU = Debug|Any CPU
		Debug|Mixed Platforms = Debug|Mixed Platforms
		Debug|Win32 = Debug|Win32
		Debug|x86 = Debug|x86
		Release|Any CPU = Release|Any CPU
		Release|Mixed Platforms = Release|Mixed Platforms
		Release|Win32 = Release|Win32
		Release|x86 = Release|x86
	EndGlobalSection
	GlobalSection(ProjectConfigurationPlatforms) = postSolution
		{E3DB8C81-6DB3-4C24-A404-3DCABD23A36B}.Debug|Any CPU.ActiveCfg = Debug|x86
		{E3DB8C81-6DB3-4C24-A404-3DCABD23A36B}.Debug|Mixed Platforms.ActiveCfg = Debug|x86
		{E3DB8C81-6DB3-4C24-A404-3DCABD23A36B}.Debug|Mixed Platforms.Build.0 = Debug|x86
		{E3DB8C81-6DB3-4C24-A404-3DCABD23A36B}.Debug|Win32.ActiveCfg = Debug|x86
		{E3DB8C81-6DB3-4C24-A404-3DCABD23A36B}.Debug|Win32.Build.0 = Debug|x86
		{E3DB8C81-6DB3-4C24-A404-3DCABD23A36B}.Debug|x86.ActiveCfg = Debug|x86
		{E3DB8C81-6DB3-4C24-A404-3DCABD23A36B}.Debug|x86.Build.0 = Debug|x86
		{E3DB8C81-6DB3-4C24-A404-3DCABD23A36B}.Release|Any CPU.ActiveCfg = Release|x86
		{E3DB8C81-6DB3-4C24-A404-3DCABD23A36B}.Release|Mixed Platforms.ActiveCfg = Release|x86
		{E3DB8C81-6DB3-4C24-A404-3DCABD23A36B}.Release|Mixed Platforms.Build.0 = Release|x86
		{E3DB8C81-6DB3-4C24-A404-3DCABD23A36B}.Release|Win32.ActiveCfg = Release|x86
		{E3DB8C81-6DB3-4C24-A404-3DCABD23A36B}.Release|Win32.Build.0 = Release|x86
		{E3DB8C81-6DB3-4C24-A404-3DCABD23A36B}.Release|x86.ActiveCfg = Release|x86
		{E3DB8C81-6DB3-4C24-A404-3DCABD23A36B}.Release|x86.Build.0 = Release|x86
		{6CAFC0C6-A428-4D30-A9F9-700E829FEA51}.Debug|Any CPU.ActiveCfg = Debug|Any CPU
		{6CAFC0C6-A428-4D30-A9F9-700E829FEA51}.Debug|Any CPU.Build.0 = Debug|Any CPU
		{6CAFC0C6-A428-4D30-A9F9-700E829FEA51}.Debug|Mixed Platforms.ActiveCfg = Debug|Any CPU
		{6CAFC0C6-A428-4D30-A9F9-700E829FEA51}.Debug|Mixed Platforms.Build.0 = Debug|Any CPU
		{6CAFC0C6-A428-4D30-A9F9-700E829FEA51}.Debug|Win32.ActiveCfg = Debug|Any CPU
		{6CAFC0C6-A428-4D30-A9F9-700E829FEA51}.Debug|Win32.Build.0 = Debug|Any CPU
		{6CAFC0C6-A428-4D30-A9F9-700E829FEA51}.Debug|x86.ActiveCfg = Debug|Any CPU
		{6CAFC0C6-A428-4D30-A9F9-700E829FEA51}.Debug|x86.Build.0 = Debug|Any CPU
		{6CAFC0C6-A428-4D30-A9F9-700E829FEA51}.Release|Any CPU.ActiveCfg = Release|Any CPU
		{6CAFC0C6-A428-4D30-A9F9-700E829FEA51}.Release|Any CPU.Build.0 = Release|Any CPU
		{6CAFC0C6-A428-4D30-A9F9-700E829FEA51}.Release|Mixed Platforms.ActiveCfg = Release|Any CPU
		{6CAFC0C6-A428-4D30-A9F9-700E829FEA51}.Release|Mixed Platforms.Build.0 = Release|Any CPU
		{6CAFC0C6-A428-4D30-A9F9-700E829FEA51}.Release|Win32.ActiveCfg = Release|Any CPU
		{6CAFC0C6-A428-4D30-A9F9-700E829FEA51}.Release|Win32.Build.0 = Release|Any CPU
		{6CAFC0C6-A428-4D30-A9F9-700E829FEA51}.Release|x86.ActiveCfg = Release|Any CPU
		{6CAFC0C6-A428-4D30-A9F9-700E829FEA51}.Release|x86.Build.0 = Release|Any CPU
		{28D098D8-4021-4896-9300-EE7262ABDD81}.Debug|Any CPU.ActiveCfg = Debug|Any CPU
		{28D098D8-4021-4896-9300-EE7262ABDD81}.Debug|Any CPU.Build.0 = Debug|Any CPU
		{28D098D8-4021-4896-9300-EE7262ABDD81}.Debug|Mixed Platforms.ActiveCfg = Debug|Any CPU
		{28D098D8-4021-4896-9300-EE7262ABDD81}.Debug|Mixed Platforms.Build.0 = Debug|Any CPU
		{28D098D8-4021-4896-9300-EE7262ABDD81}.Debug|Win32.ActiveCfg = Debug|Any CPU
		{28D098D8-4021-4896-9300-EE7262ABDD81}.Debug|Win32.Build.0 = Debug|Any CPU
		{28D098D8-4021-4896-9300-EE7262ABDD81}.Debug|x86.ActiveCfg = Debug|Any CPU
		{28D098D8-4021-4896-9300-EE7262ABDD81}.Debug|x86.Build.0 = Debug|Any CPU
		{28D098D8-4021-4896-9300-EE7262ABDD81}.Release|Any CPU.ActiveCfg = Release|Any CPU
		{28D098D8-4021-4896-9300-EE7262ABDD81}.Release|Any CPU.Build.0 = Release|Any CPU
		{28D098D8-4021-4896-9300-EE7262ABDD81}.Release|Mixed Platforms.ActiveCfg = Release|Any CPU
		{28D098D8-4021-4896-9300-EE7262ABDD81}.Release|Mixed Platforms.Build.0 = Release|Any CPU
		{28D098D8-4021-4896-9300-EE7262ABDD81}.Release|Win32.ActiveCfg = Release|Any CPU
		{28D098D8-4021-4896-9300-EE7262ABDD81}.Release|Win32.Build.0 = Release|Any CPU
		{28D098D8-4021-4896-9300-EE7262ABDD81}.Release|x86.ActiveCfg = Release|Any CPU
		{28D098D8-4021-4896-9300-EE7262ABDD81}.Release|x86.Build.0 = Release|Any CPU
		{98DDC747-CEC1-4B1E-AB5A-945F7E24A782}.Debug|Any CPU.ActiveCfg = Debug|Any CPU
		{98DDC747-CEC1-4B1E-AB5A-945F7E24A782}.Debug|Any CPU.Build.0 = Debug|Any CPU
		{98DDC747-CEC1-4B1E-AB5A-945F7E24A782}.Debug|Mixed Platforms.ActiveCfg = Debug|Any CPU
		{98DDC747-CEC1-4B1E-AB5A-945F7E24A782}.Debug|Mixed Platforms.Build.0 = Debug|Any CPU
		{98DDC747-CEC1-4B1E-AB5A-945F7E24A782}.Debug|Win32.ActiveCfg = Debug|Any CPU
		{98DDC747-CEC1-4B1E-AB5A-945F7E24A782}.Debug|Win32.Build.0 = Debug|Any CPU
		{98DDC747-CEC1-4B1E-AB5A-945F7E24A782}.Debug|x86.ActiveCfg = Debug|Any CPU
		{98DDC747-CEC1-4B1E-AB5A-945F7E24A782}.Debug|x86.Build.0 = Debug|Any CPU
		{98DDC747-CEC1-4B1E-AB5A-945F7E24A782}.Release|Any CPU.ActiveCfg = Release|Any CPU
		{98DDC747-CEC1-4B1E-AB5A-945F7E24A782}.Release|Any CPU.Build.0 = Release|Any CPU
		{98DDC747-CEC1-4B1E-AB5A-945F7E24A782}.Release|Mixed Platforms.ActiveCfg = Release|Any CPU
		{98DDC747-CEC1-4B1E-AB5A-945F7E24A782}.Release|Mixed Platforms.Build.0 = Release|Any CPU
		{98DDC747-CEC1-4B1E-AB5A-945F7E24A782}.Release|Win32.ActiveCfg = Release|Any CPU
		{98DDC747-CEC1-4B1E-AB5A-945F7E24A782}.Release|Win32.Build.0 = Release|Any CPU
		{98DDC747-CEC1-4B1E-AB5A-945F7E24A782}.Release|x86.ActiveCfg = Release|Any CPU
		{98DDC747-CEC1-4B1E-AB5A-945F7E24A782}.Release|x86.Build.0 = Release|Any CPU
		{B52F164C-10FC-4907-9BEF-5D25D5A8888A}.Debug|Any CPU.ActiveCfg = Debug|x86
		{B52F164C-10FC-4907-9BEF-5D25D5A8888A}.Debug|Mixed Platforms.ActiveCfg = Debug|x86
		{B52F164C-10FC-4907-9BEF-5D25D5A8888A}.Debug|Mixed Platforms.Build.0 = Debug|x86
		{B52F164C-10FC-4907-9BEF-5D25D5A8888A}.Debug|Win32.ActiveCfg = Debug|x86
		{B52F164C-10FC-4907-9BEF-5D25D5A8888A}.Debug|Win32.Build.0 = Debug|x86
		{B52F164C-10FC-4907-9BEF-5D25D5A8888A}.Debug|x86.ActiveCfg = Debug|x86
		{B52F164C-10FC-4907-9BEF-5D25D5A8888A}.Debug|x86.Build.0 = Debug|x86
		{B52F164C-10FC-4907-9BEF-5D25D5A8888A}.Release|Any CPU.ActiveCfg = Release|x86
		{B52F164C-10FC-4907-9BEF-5D25D5A8888A}.Release|Mixed Platforms.ActiveCfg = Release|x86
		{B52F164C-10FC-4907-9BEF-5D25D5A8888A}.Release|Mixed Platforms.Build.0 = Release|x86
		{B52F164C-10FC-4907-9BEF-5D25D5A8888A}.Release|Win32.ActiveCfg = Release|x86
		{B52F164C-10FC-4907-9BEF-5D25D5A8888A}.Release|Win32.Build.0 = Release|x86
		{B52F164C-10FC-4907-9BEF-5D25D5A8888A}.Release|x86.ActiveCfg = Release|x86
		{B52F164C-10FC-4907-9BEF-5D25D5A8888A}.Release|x86.Build.0 = Release|x86
		{61C69C76-4117-4576-BBAF-946CB84E4EBD}.Debug|Any CPU.ActiveCfg = Debug|x86
		{61C69C76-4117-4576-BBAF-946CB84E4EBD}.Debug|Mixed Platforms.ActiveCfg = Debug|x86
		{61C69C76-4117-4576-BBAF-946CB84E4EBD}.Debug|Mixed Platforms.Build.0 = Debug|x86
		{61C69C76-4117-4576-BBAF-946CB84E4EBD}.Debug|Win32.ActiveCfg = Debug|x86
		{61C69C76-4117-4576-BBAF-946CB84E4EBD}.Debug|Win32.Build.0 = Debug|x86
		{61C69C76-4117-4576-BBAF-946CB84E4EBD}.Debug|x86.ActiveCfg = Debug|x86
		{61C69C76-4117-4576-BBAF-946CB84E4EBD}.Debug|x86.Build.0 = Debug|x86
		{61C69C76-4117-4576-BBAF-946CB84E4EBD}.Release|Any CPU.ActiveCfg = Release|x86
		{61C69C76-4117-4576-BBAF-946CB84E4EBD}.Release|Mixed Platforms.ActiveCfg = Release|x86
		{61C69C76-4117-4576-BBAF-946CB84E4EBD}.Release|Mixed Platforms.Build.0 = Release|x86
		{61C69C76-4117-4576-BBAF-946CB84E4EBD}.Release|Win32.ActiveCfg = Release|x86
		{61C69C76-4117-4576-BBAF-946CB84E4EBD}.Release|Win32.Build.0 = Release|x86
		{61C69C76-4117-4576-BBAF-946CB84E4EBD}.Release|x86.ActiveCfg = Release|x86
		{61C69C76-4117-4576-BBAF-946CB84E4EBD}.Release|x86.Build.0 = Release|x86
		{929AF0F9-BB11-4CC5-B6D7-33DF9911D280}.Debug|Any CPU.ActiveCfg = Debug|x86
		{929AF0F9-BB11-4CC5-B6D7-33DF9911D280}.Debug|Mixed Platforms.ActiveCfg = Debug|x86
		{929AF0F9-BB11-4CC5-B6D7-33DF9911D280}.Debug|Mixed Platforms.Build.0 = Debug|x86
		{929AF0F9-BB11-4CC5-B6D7-33DF9911D280}.Debug|Win32.ActiveCfg = Debug|x86
		{929AF0F9-BB11-4CC5-B6D7-33DF9911D280}.Debug|Win32.Build.0 = Debug|x86
		{929AF0F9-BB11-4CC5-B6D7-33DF9911D280}.Debug|x86.ActiveCfg = Debug|x86
		{929AF0F9-BB11-4CC5-B6D7-33DF9911D280}.Debug|x86.Build.0 = Debug|x86
		{929AF0F9-BB11-4CC5-B6D7-33DF9911D280}.Release|Any CPU.ActiveCfg = Release|x86
		{929AF0F9-BB11-4CC5-B6D7-33DF9911D280}.Release|Mixed Platforms.ActiveCfg = Release|x86
		{929AF0F9-BB11-4CC5-B6D7-33DF9911D280}.Release|Mixed Platforms.Build.0 = Release|x86
		{929AF0F9-BB11-4CC5-B6D7-33DF9911D280}.Release|Win32.ActiveCfg = Release|x86
		{929AF0F9-BB11-4CC5-B6D7-33DF9911D280}.Release|Win32.Build.0 = Release|x86
		{929AF0F9-BB11-4CC5-B6D7-33DF9911D280}.Release|x86.ActiveCfg = Release|x86
		{929AF0F9-BB11-4CC5-B6D7-33DF9911D280}.Release|x86.Build.0 = Release|x86
		{44189944-ED1F-4AD1-A2C2-A2A6ED869E15}.Debug|Any CPU.ActiveCfg = Debug|x86
		{44189944-ED1F-4AD1-A2C2-A2A6ED869E15}.Debug|Mixed Platforms.ActiveCfg = Debug|x86
		{44189944-ED1F-4AD1-A2C2-A2A6ED869E15}.Debug|Mixed Platforms.Build.0 = Debug|x86
		{44189944-ED1F-4AD1-A2C2-A2A6ED869E15}.Debug|Win32.ActiveCfg = Debug|x86
		{44189944-ED1F-4AD1-A2C2-A2A6ED869E15}.Debug|Win32.Build.0 = Debug|x86
		{44189944-ED1F-4AD1-A2C2-A2A6ED869E15}.Debug|x86.ActiveCfg = Debug|x86
		{44189944-ED1F-4AD1-A2C2-A2A6ED869E15}.Debug|x86.Build.0 = Debug|x86
		{44189944-ED1F-4AD1-A2C2-A2A6ED869E15}.Release|Any CPU.ActiveCfg = Release|x86
		{44189944-ED1F-4AD1-A2C2-A2A6ED869E15}.Release|Mixed Platforms.ActiveCfg = Release|x86
		{44189944-ED1F-4AD1-A2C2-A2A6ED869E15}.Release|Mixed Platforms.Build.0 = Release|x86
		{44189944-ED1F-4AD1-A2C2-A2A6ED869E15}.Release|Win32.ActiveCfg = Release|x86
		{44189944-ED1F-4AD1-A2C2-A2A6ED869E15}.Release|Win32.Build.0 = Release|x86
		{44189944-ED1F-4AD1-A2C2-A2A6ED869E15}.Release|x86.ActiveCfg = Release|x86
		{44189944-ED1F-4AD1-A2C2-A2A6ED869E15}.Release|x86.Build.0 = Release|x86
	EndGlobalSection
	GlobalSection(SolutionProperties) = preSolution
		HideSolutionNode = FALSE
	EndGlobalSection
	GlobalSection(NestedProjects) = preSolution
		{E4B7CCF7-7947-49C0-99C3-7C1E0BBDA881} = {DDF9300B-7BBE-415B-8629-7F3F1826B2D9}
		{1E0B591E-F7A7-4427-8FEE-31003F1D5638} = {AA6AA193-D9CD-493A-9400-586FBB3BC6EE}
	EndGlobalSection
EndGlobal
